
Microsoft Visual Studio Solution File, Format Version 12.00
# Visual Studio Version 17
VisualStudioVersion = 17.14.36408.4
MinimumVisualStudioVersion = 10.0.40219.1
Project("{FAE04EC0-301F-11D3-BF4B-00C04F79EFBC}") = "BTL_LTTQ", "BTL_LTTQ.csproj", "{AF75C263-459C-415B-ABA0-777FC979B095}"
EndProject
Global
	GlobalSection(SolutionConfigurationPlatforms) = preSolution
		Debug|Any CPU = Debug|Any CPU
		Release|Any CPU = Release|Any CPU
	EndGlobalSection
	GlobalSection(ProjectConfigurationPlatforms) = postSolution
		{AF75C263-459C-415B-ABA0-777FC979B095}.Debug|Any CPU.ActiveCfg = Debug|Any CPU
		{AF75C263-459C-415B-ABA0-777FC979B095}.Debug|Any CPU.Build.0 = Debug|Any CPU
		{AF75C263-459C-415B-ABA0-777FC979B095}.Release|Any CPU.ActiveCfg = Release|Any CPU
		{AF75C263-459C-415B-ABA0-777FC979B095}.Release|Any CPU.Build.0 = Release|Any CPU
	EndGlobalSection
	GlobalSection(SolutionProperties) = preSolution
		HideSolutionNode = FALSE
	EndGlobalSection
	GlobalSection(ExtensibilityGlobals) = postSolution
		SolutionGuid = {C1963554-F0C6-4D71-8BE4-97243F15E817}
	EndGlobalSection
EndGlobal
